// !$*UTF8*$!
{
	archiveVersion = 1;
	classes = {
	};
	objectVersion = 48;
	objects = {

/* Begin PBXBuildFile section */
		110F793292018CC7AE1BDA46 /* Pods_Trade.framework in Frameworks */ = {isa = PBXBuildFile; fileRef = D3187E2833C61007AB178AE4 /* Pods_Trade.framework */; };
		2E63F9DBFCD62082B160B03E /* Pods_TradeTests.framework in Frameworks */ = {isa = PBXBuildFile; fileRef = A17054D9AE32889A6ED38C1B /* Pods_TradeTests.framework */; };
		F42163BD20E456B3009615EA /* DetailViewController.swift in Sources */ = {isa = PBXBuildFile; fileRef = F42163BC20E456B3009615EA /* DetailViewController.swift */; };
		F42163E320E46926009615EA /* Charts.framework in Frameworks */ = {isa = PBXBuildFile; fileRef = F42163E020E4690C009615EA /* Charts.framework */; };
		F42163E420E46926009615EA /* Charts.framework in Embed Frameworks */ = {isa = PBXBuildFile; fileRef = F42163E020E4690C009615EA /* Charts.framework */; settings = {ATTRIBUTES = (CodeSignOnCopy, RemoveHeadersOnCopy, ); }; };
		F62E5B6E20D47D88007CE83F /* Trade.swift in Sources */ = {isa = PBXBuildFile; fileRef = F62E5B6D20D47D88007CE83F /* Trade.swift */; };
		F62E5B7220D484FE007CE83F /* TradeTableViewCell.swift in Sources */ = {isa = PBXBuildFile; fileRef = F62E5B7120D484FE007CE83F /* TradeTableViewCell.swift */; };
		F62E5B7420D4B318007CE83F /* TradeTableHeaderView.swift in Sources */ = {isa = PBXBuildFile; fileRef = F62E5B7320D4B318007CE83F /* TradeTableHeaderView.swift */; };
		F63E599220CB67640086A456 /* PriceTableViewCell.swift in Sources */ = {isa = PBXBuildFile; fileRef = F63E599120CB67640086A456 /* PriceTableViewCell.swift */; };
		F694CB9D20C885C700B5347B /* Price.swift in Sources */ = {isa = PBXBuildFile; fileRef = F694CB9C20C885C600B5347B /* Price.swift */; };
		F69C363F20A3AA01009A247A /* ADDR.swift in Sources */ = {isa = PBXBuildFile; fileRef = F69C363E20A3AA01009A247A /* ADDR.swift */; };
		F6ADE0C5209BC499002C1E66 /* AppDelegate.swift in Sources */ = {isa = PBXBuildFile; fileRef = F6ADE0C4209BC499002C1E66 /* AppDelegate.swift */; };
		F6ADE0C7209BC499002C1E66 /* HomeViewController.swift in Sources */ = {isa = PBXBuildFile; fileRef = F6ADE0C6209BC499002C1E66 /* HomeViewController.swift */; };
		F6ADE0C9209BC499002C1E66 /* QuotationViewController.swift in Sources */ = {isa = PBXBuildFile; fileRef = F6ADE0C8209BC499002C1E66 /* QuotationViewController.swift */; };
		F6ADE0CC209BC499002C1E66 /* Main.storyboard in Resources */ = {isa = PBXBuildFile; fileRef = F6ADE0CA209BC499002C1E66 /* Main.storyboard */; };
		F6ADE0CE209BC499002C1E66 /* Assets.xcassets in Resources */ = {isa = PBXBuildFile; fileRef = F6ADE0CD209BC499002C1E66 /* Assets.xcassets */; };
		F6ADE0D1209BC499002C1E66 /* LaunchScreen.storyboard in Resources */ = {isa = PBXBuildFile; fileRef = F6ADE0CF209BC499002C1E66 /* LaunchScreen.storyboard */; };
		F6ADE0DC209BC499002C1E66 /* TradeTests.swift in Sources */ = {isa = PBXBuildFile; fileRef = F6ADE0DB209BC499002C1E66 /* TradeTests.swift */; };
		F6ADE0E7209BD04F002C1E66 /* TradeViewController.swift in Sources */ = {isa = PBXBuildFile; fileRef = F6ADE0E6209BD04F002C1E66 /* TradeViewController.swift */; };
		F6ADE0E9209BD142002C1E66 /* AccountViewController.swift in Sources */ = {isa = PBXBuildFile; fileRef = F6ADE0E8209BD142002C1E66 /* AccountViewController.swift */; };
		F6ADE0EB209BE54A002C1E66 /* TabBarViewController.swift in Sources */ = {isa = PBXBuildFile; fileRef = F6ADE0EA209BE54A002C1E66 /* TabBarViewController.swift */; };
		F6FE7E3220D9E1C300FEB676 /* BalanceViewController.swift in Sources */ = {isa = PBXBuildFile; fileRef = F6FE7E3120D9E1C300FEB676 /* BalanceViewController.swift */; };
		F6FE7E3420D9E62800FEB676 /* OrderViewController.swift in Sources */ = {isa = PBXBuildFile; fileRef = F6FE7E3320D9E62800FEB676 /* OrderViewController.swift */; };
/* End PBXBuildFile section */

/* Begin PBXContainerItemProxy section */
		F42163DF20E4690C009615EA /* PBXContainerItemProxy */ = {
			isa = PBXContainerItemProxy;
			containerPortal = F42163DA20E4690C009615EA /* Charts.xcodeproj */;
			proxyType = 2;
			remoteGlobalIDString = 65AD9E95D9ED4DC0BD73A743;
			remoteInfo = Charts;
		};
		F42163E120E4690C009615EA /* PBXContainerItemProxy */ = {
			isa = PBXContainerItemProxy;
			containerPortal = F42163DA20E4690C009615EA /* Charts.xcodeproj */;
			proxyType = 2;
			remoteGlobalIDString = 1CBBC58C6CE1EBEE9852CE41;
			remoteInfo = ChartsTests;
		};
		F42163E520E46926009615EA /* PBXContainerItemProxy */ = {
			isa = PBXContainerItemProxy;
			containerPortal = F42163DA20E4690C009615EA /* Charts.xcodeproj */;
			proxyType = 1;
			remoteGlobalIDString = A58A4ED274A941CA248EA921;
			remoteInfo = Charts;
		};
		F6ADE0D8209BC499002C1E66 /* PBXContainerItemProxy */ = {
			isa = PBXContainerItemProxy;
			containerPortal = F6ADE0B9209BC499002C1E66 /* Project object */;
			proxyType = 1;
			remoteGlobalIDString = F6ADE0C0209BC499002C1E66;
			remoteInfo = Trade;
		};
/* End PBXContainerItemProxy section */

/* Begin PBXCopyFilesBuildPhase section */
		F42163E720E46927009615EA /* Embed Frameworks */ = {
			isa = PBXCopyFilesBuildPhase;
			buildActionMask = 2147483647;
			dstPath = "";
			dstSubfolderSpec = 10;
			files = (
				F42163E420E46926009615EA /* Charts.framework in Embed Frameworks */,
			);
			name = "Embed Frameworks";
			runOnlyForDeploymentPostprocessing = 0;
		};
/* End PBXCopyFilesBuildPhase section */

/* Begin PBXFileReference section */
		3F5C4CB85B27C2E4F246DC41 /* Pods-Trade.release.xcconfig */ = {isa = PBXFileReference; includeInIndex = 1; lastKnownFileType = text.xcconfig; name = "Pods-Trade.release.xcconfig"; path = "Pods/Target Support Files/Pods-Trade/Pods-Trade.release.xcconfig"; sourceTree = "<group>"; };
		7E46CDEE65116CCBC864F396 /* Pods-TradeTests.debug.xcconfig */ = {isa = PBXFileReference; includeInIndex = 1; lastKnownFileType = text.xcconfig; name = "Pods-TradeTests.debug.xcconfig"; path = "Pods/Target Support Files/Pods-TradeTests/Pods-TradeTests.debug.xcconfig"; sourceTree = "<group>"; };
		A17054D9AE32889A6ED38C1B /* Pods_TradeTests.framework */ = {isa = PBXFileReference; explicitFileType = wrapper.framework; includeInIndex = 0; path = Pods_TradeTests.framework; sourceTree = BUILT_PRODUCTS_DIR; };
		A86B102F2739410BEE98EE14 /* Pods-TradeTests.release.xcconfig */ = {isa = PBXFileReference; includeInIndex = 1; lastKnownFileType = text.xcconfig; name = "Pods-TradeTests.release.xcconfig"; path = "Pods/Target Support Files/Pods-TradeTests/Pods-TradeTests.release.xcconfig"; sourceTree = "<group>"; };
		D3187E2833C61007AB178AE4 /* Pods_Trade.framework */ = {isa = PBXFileReference; explicitFileType = wrapper.framework; includeInIndex = 0; path = Pods_Trade.framework; sourceTree = BUILT_PRODUCTS_DIR; };
		D87E39DB5622229C0D68BE2B /* Pods-Trade.debug.xcconfig */ = {isa = PBXFileReference; includeInIndex = 1; lastKnownFileType = text.xcconfig; name = "Pods-Trade.debug.xcconfig"; path = "Pods/Target Support Files/Pods-Trade/Pods-Trade.debug.xcconfig"; sourceTree = "<group>"; };
		F42163BC20E456B3009615EA /* DetailViewController.swift */ = {isa = PBXFileReference; lastKnownFileType = sourcecode.swift; path = DetailViewController.swift; sourceTree = "<group>"; };
		F42163DA20E4690C009615EA /* Charts.xcodeproj */ = {isa = PBXFileReference; lastKnownFileType = "wrapper.pb-project"; name = Charts.xcodeproj; path = ../../.Trash/Charts.xcodeproj; sourceTree = "<group>"; };
		F62E5B6D20D47D88007CE83F /* Trade.swift */ = {isa = PBXFileReference; lastKnownFileType = sourcecode.swift; path = Trade.swift; sourceTree = "<group>"; };
		F62E5B7120D484FE007CE83F /* TradeTableViewCell.swift */ = {isa = PBXFileReference; lastKnownFileType = sourcecode.swift; path = TradeTableViewCell.swift; sourceTree = "<group>"; };
		F62E5B7320D4B318007CE83F /* TradeTableHeaderView.swift */ = {isa = PBXFileReference; lastKnownFileType = sourcecode.swift; path = TradeTableHeaderView.swift; sourceTree = "<group>"; };
		F63E599120CB67640086A456 /* PriceTableViewCell.swift */ = {isa = PBXFileReference; lastKnownFileType = sourcecode.swift; path = PriceTableViewCell.swift; sourceTree = "<group>"; };
		F694CB9C20C885C600B5347B /* Price.swift */ = {isa = PBXFileReference; lastKnownFileType = sourcecode.swift; path = Price.swift; sourceTree = "<group>"; };
		F69C363E20A3AA01009A247A /* ADDR.swift */ = {isa = PBXFileReference; lastKnownFileType = sourcecode.swift; path = ADDR.swift; sourceTree = "<group>"; };
		F6ADE0C1209BC499002C1E66 /* Trade.app */ = {isa = PBXFileReference; explicitFileType = wrapper.application; includeInIndex = 0; path = Trade.app; sourceTree = BUILT_PRODUCTS_DIR; };
		F6ADE0C4209BC499002C1E66 /* AppDelegate.swift */ = {isa = PBXFileReference; lastKnownFileType = sourcecode.swift; path = AppDelegate.swift; sourceTree = "<group>"; };
		F6ADE0C6209BC499002C1E66 /* HomeViewController.swift */ = {isa = PBXFileReference; lastKnownFileType = sourcecode.swift; path = HomeViewController.swift; sourceTree = "<group>"; };
		F6ADE0C8209BC499002C1E66 /* QuotationViewController.swift */ = {isa = PBXFileReference; lastKnownFileType = sourcecode.swift; path = QuotationViewController.swift; sourceTree = "<group>"; };
		F6ADE0CB209BC499002C1E66 /* Base */ = {isa = PBXFileReference; lastKnownFileType = file.storyboard; name = Base; path = Base.lproj/Main.storyboard; sourceTree = "<group>"; };
		F6ADE0CD209BC499002C1E66 /* Assets.xcassets */ = {isa = PBXFileReference; lastKnownFileType = folder.assetcatalog; path = Assets.xcassets; sourceTree = "<group>"; };
		F6ADE0D0209BC499002C1E66 /* Base */ = {isa = PBXFileReference; lastKnownFileType = file.storyboard; name = Base; path = Base.lproj/LaunchScreen.storyboard; sourceTree = "<group>"; };
		F6ADE0D2209BC499002C1E66 /* Info.plist */ = {isa = PBXFileReference; lastKnownFileType = text.plist.xml; path = Info.plist; sourceTree = "<group>"; };
		F6ADE0D7209BC499002C1E66 /* TradeTests.xctest */ = {isa = PBXFileReference; explicitFileType = wrapper.cfbundle; includeInIndex = 0; path = TradeTests.xctest; sourceTree = BUILT_PRODUCTS_DIR; };
		F6ADE0DB209BC499002C1E66 /* TradeTests.swift */ = {isa = PBXFileReference; lastKnownFileType = sourcecode.swift; path = TradeTests.swift; sourceTree = "<group>"; };
		F6ADE0DD209BC499002C1E66 /* Info.plist */ = {isa = PBXFileReference; lastKnownFileType = text.plist.xml; path = Info.plist; sourceTree = "<group>"; };
		F6ADE0E6209BD04F002C1E66 /* TradeViewController.swift */ = {isa = PBXFileReference; lastKnownFileType = sourcecode.swift; path = TradeViewController.swift; sourceTree = "<group>"; };
		F6ADE0E8209BD142002C1E66 /* AccountViewController.swift */ = {isa = PBXFileReference; lastKnownFileType = sourcecode.swift; path = AccountViewController.swift; sourceTree = "<group>"; };
		F6ADE0EA209BE54A002C1E66 /* TabBarViewController.swift */ = {isa = PBXFileReference; lastKnownFileType = sourcecode.swift; path = TabBarViewController.swift; sourceTree = "<group>"; };
		F6FE7E3120D9E1C300FEB676 /* BalanceViewController.swift */ = {isa = PBXFileReference; lastKnownFileType = sourcecode.swift; path = BalanceViewController.swift; sourceTree = "<group>"; };
		F6FE7E3320D9E62800FEB676 /* OrderViewController.swift */ = {isa = PBXFileReference; lastKnownFileType = sourcecode.swift; path = OrderViewController.swift; sourceTree = "<group>"; };
/* End PBXFileReference section */

/* Begin PBXFrameworksBuildPhase section */
		F6ADE0BE209BC499002C1E66 /* Frameworks */ = {
			isa = PBXFrameworksBuildPhase;
			buildActionMask = 2147483647;
			files = (
				110F793292018CC7AE1BDA46 /* Pods_Trade.framework in Frameworks */,
				F42163E320E46926009615EA /* Charts.framework in Frameworks */,
			);
			runOnlyForDeploymentPostprocessing = 0;
		};
		F6ADE0D4209BC499002C1E66 /* Frameworks */ = {
			isa = PBXFrameworksBuildPhase;
			buildActionMask = 2147483647;
			files = (
				2E63F9DBFCD62082B160B03E /* Pods_TradeTests.framework in Frameworks */,
			);
			runOnlyForDeploymentPostprocessing = 0;
		};
/* End PBXFrameworksBuildPhase section */

/* Begin PBXGroup section */
		D95128731FADC880B864E943 /* Pods */ = {
			isa = PBXGroup;
			children = (
				D87E39DB5622229C0D68BE2B /* Pods-Trade.debug.xcconfig */,
				3F5C4CB85B27C2E4F246DC41 /* Pods-Trade.release.xcconfig */,
				7E46CDEE65116CCBC864F396 /* Pods-TradeTests.debug.xcconfig */,
				A86B102F2739410BEE98EE14 /* Pods-TradeTests.release.xcconfig */,
			);
			name = Pods;
			sourceTree = "<group>";
		};
		E3046DD1FE96BFC9D5414EFB /* Frameworks */ = {
			isa = PBXGroup;
			children = (
				D3187E2833C61007AB178AE4 /* Pods_Trade.framework */,
				A17054D9AE32889A6ED38C1B /* Pods_TradeTests.framework */,
			);
			name = Frameworks;
			sourceTree = "<group>";
		};
		F42163DB20E4690C009615EA /* Products */ = {
			isa = PBXGroup;
			children = (
				F42163E020E4690C009615EA /* Charts.framework */,
				F42163E220E4690C009615EA /* ChartsTests.xctest */,
			);
			name = Products;
			sourceTree = "<group>";
		};
		F62E5B7020D484D6007CE83F /* Cell */ = {
			isa = PBXGroup;
			children = (
				F63E599120CB67640086A456 /* PriceTableViewCell.swift */,
				F62E5B7120D484FE007CE83F /* TradeTableViewCell.swift */,
				F62E5B7320D4B318007CE83F /* TradeTableHeaderView.swift */,
			);
			path = Cell;
			sourceTree = "<group>";
		};
		F694CB9B20C8859600B5347B /* Model */ = {
			isa = PBXGroup;
			children = (
				F694CB9C20C885C600B5347B /* Price.swift */,
				F62E5B6D20D47D88007CE83F /* Trade.swift */,
			);
			path = Model;
			sourceTree = "<group>";
		};
		F69C363D20A3A8B2009A247A /* Constant */ = {
			isa = PBXGroup;
			children = (
				F69C363E20A3AA01009A247A /* ADDR.swift */,
			);
			path = Constant;
			sourceTree = "<group>";
		};
		F6ADE0B8209BC499002C1E66 = {
			isa = PBXGroup;
			children = (
				F42163DA20E4690C009615EA /* Charts.xcodeproj */,
				F6ADE0C3209BC499002C1E66 /* Trade */,
				F6ADE0DA209BC499002C1E66 /* TradeTests */,
				F6ADE0C2209BC499002C1E66 /* Products */,
				D95128731FADC880B864E943 /* Pods */,
				E3046DD1FE96BFC9D5414EFB /* Frameworks */,
			);
			sourceTree = "<group>";
		};
		F6ADE0C2209BC499002C1E66 /* Products */ = {
			isa = PBXGroup;
			children = (
				F6ADE0C1209BC499002C1E66 /* Trade.app */,
				F6ADE0D7209BC499002C1E66 /* TradeTests.xctest */,
			);
			name = Products;
			sourceTree = "<group>";
		};
		F6ADE0C3209BC499002C1E66 /* Trade */ = {
			isa = PBXGroup;
			children = (
				F69C363D20A3A8B2009A247A /* Constant */,
				F62E5B7020D484D6007CE83F /* Cell */,
				F694CB9B20C8859600B5347B /* Model */,
				F6ADE0C4209BC499002C1E66 /* AppDelegate.swift */,
				F6ADE0C6209BC499002C1E66 /* HomeViewController.swift */,
				F6ADE0EA209BE54A002C1E66 /* TabBarViewController.swift */,
				F6ADE0C8209BC499002C1E66 /* QuotationViewController.swift */,
				F6ADE0E6209BD04F002C1E66 /* TradeViewController.swift */,
				F6ADE0E8209BD142002C1E66 /* AccountViewController.swift */,
				F6FE7E3320D9E62800FEB676 /* OrderViewController.swift */,
				F6FE7E3120D9E1C300FEB676 /* BalanceViewController.swift */,
				F42163BC20E456B3009615EA /* DetailViewController.swift */,
				F6ADE0CD209BC499002C1E66 /* Assets.xcassets */,
				F6ADE0CA209BC499002C1E66 /* Main.storyboard */,
				F6ADE0CF209BC499002C1E66 /* LaunchScreen.storyboard */,
				F6ADE0D2209BC499002C1E66 /* Info.plist */,
			);
			path = Trade;
			sourceTree = "<group>";
		};
		F6ADE0DA209BC499002C1E66 /* TradeTests */ = {
			isa = PBXGroup;
			children = (
				F6ADE0DB209BC499002C1E66 /* TradeTests.swift */,
				F6ADE0DD209BC499002C1E66 /* Info.plist */,
			);
			path = TradeTests;
			sourceTree = "<group>";
		};
/* End PBXGroup section */

/* Begin PBXNativeTarget section */
		F6ADE0C0209BC499002C1E66 /* Trade */ = {
			isa = PBXNativeTarget;
			buildConfigurationList = F6ADE0E0209BC499002C1E66 /* Build configuration list for PBXNativeTarget "Trade" */;
			buildPhases = (
				4E7D3445E570D0B43CC60318 /* [CP] Check Pods Manifest.lock */,
				F6ADE0BD209BC499002C1E66 /* Sources */,
				F6ADE0BE209BC499002C1E66 /* Frameworks */,
				F6ADE0BF209BC499002C1E66 /* Resources */,
				2D1C51CEF62BCD85C5FBFC52 /* [CP] Embed Pods Frameworks */,
				F42163E720E46927009615EA /* Embed Frameworks */,
			);
			buildRules = (
			);
			dependencies = (
				F42163E620E46926009615EA /* PBXTargetDependency */,
			);
			name = Trade;
			productName = Trade;
			productReference = F6ADE0C1209BC499002C1E66 /* Trade.app */;
			productType = "com.apple.product-type.application";
		};
		F6ADE0D6209BC499002C1E66 /* TradeTests */ = {
			isa = PBXNativeTarget;
			buildConfigurationList = F6ADE0E3209BC499002C1E66 /* Build configuration list for PBXNativeTarget "TradeTests" */;
			buildPhases = (
				E0471A8575B6C2866EB6C317 /* [CP] Check Pods Manifest.lock */,
				F6ADE0D3209BC499002C1E66 /* Sources */,
				F6ADE0D4209BC499002C1E66 /* Frameworks */,
				F6ADE0D5209BC499002C1E66 /* Resources */,
			);
			buildRules = (
			);
			dependencies = (
				F6ADE0D9209BC499002C1E66 /* PBXTargetDependency */,
			);
			name = TradeTests;
			productName = TradeTests;
			productReference = F6ADE0D7209BC499002C1E66 /* TradeTests.xctest */;
			productType = "com.apple.product-type.bundle.unit-test";
		};
/* End PBXNativeTarget section */

/* Begin PBXProject section */
		F6ADE0B9209BC499002C1E66 /* Project object */ = {
			isa = PBXProject;
			attributes = {
				LastSwiftUpdateCheck = 0920;
				LastUpgradeCheck = 0920;
				ORGANIZATIONNAME = "Coin Inc";
				TargetAttributes = {
					F6ADE0C0209BC499002C1E66 = {
						CreatedOnToolsVersion = 9.2;
						ProvisioningStyle = Automatic;
					};
					F6ADE0D6209BC499002C1E66 = {
						CreatedOnToolsVersion = 9.2;
						ProvisioningStyle = Automatic;
						TestTargetID = F6ADE0C0209BC499002C1E66;
					};
				};
			};
			buildConfigurationList = F6ADE0BC209BC499002C1E66 /* Build configuration list for PBXProject "Trade" */;
			compatibilityVersion = "Xcode 8.0";
			developmentRegion = en;
			hasScannedForEncodings = 0;
			knownRegions = (
				en,
				Base,
			);
			mainGroup = F6ADE0B8209BC499002C1E66;
			productRefGroup = F6ADE0C2209BC499002C1E66 /* Products */;
			projectDirPath = "";
			projectReferences = (
				{
					ProductGroup = F42163DB20E4690C009615EA /* Products */;
					ProjectRef = F42163DA20E4690C009615EA /* Charts.xcodeproj */;
				},
			);
			projectRoot = "";
			targets = (
				F6ADE0C0209BC499002C1E66 /* Trade */,
				F6ADE0D6209BC499002C1E66 /* TradeTests */,
			);
		};
/* End PBXProject section */

/* Begin PBXReferenceProxy section */
		F42163E020E4690C009615EA /* Charts.framework */ = {
			isa = PBXReferenceProxy;
			fileType = wrapper.framework;
			path = Charts.framework;
			remoteRef = F42163DF20E4690C009615EA /* PBXContainerItemProxy */;
			sourceTree = BUILT_PRODUCTS_DIR;
		};
		F42163E220E4690C009615EA /* ChartsTests.xctest */ = {
			isa = PBXReferenceProxy;
			fileType = wrapper.cfbundle;
			path = ChartsTests.xctest;
			remoteRef = F42163E120E4690C009615EA /* PBXContainerItemProxy */;
			sourceTree = BUILT_PRODUCTS_DIR;
		};
/* End PBXReferenceProxy section */

/* Begin PBXResourcesBuildPhase section */
		F6ADE0BF209BC499002C1E66 /* Resources */ = {
			isa = PBXResourcesBuildPhase;
			buildActionMask = 2147483647;
			files = (
				F6ADE0D1209BC499002C1E66 /* LaunchScreen.storyboard in Resources */,
				F6ADE0CE209BC499002C1E66 /* Assets.xcassets in Resources */,
				F6ADE0CC209BC499002C1E66 /* Main.storyboard in Resources */,
			);
			runOnlyForDeploymentPostprocessing = 0;
		};
		F6ADE0D5209BC499002C1E66 /* Resources */ = {
			isa = PBXResourcesBuildPhase;
			buildActionMask = 2147483647;
			files = (
			);
			runOnlyForDeploymentPostprocessing = 0;
		};
/* End PBXResourcesBuildPhase section */

/* Begin PBXShellScriptBuildPhase section */
		2D1C51CEF62BCD85C5FBFC52 /* [CP] Embed Pods Frameworks */ = {
			isa = PBXShellScriptBuildPhase;
			buildActionMask = 2147483647;
			files = (
			);
			inputPaths = (
				"${SRCROOT}/Pods/Target Support Files/Pods-Trade/Pods-Trade-frameworks.sh",
				"${BUILT_PRODUCTS_DIR}/Alamofire/Alamofire.framework",
				"${BUILT_PRODUCTS_DIR}/AlamofireImage/AlamofireImage.framework",
				"${BUILT_PRODUCTS_DIR}/ImageSlideshow/ImageSlideshow.framework",
			);
			name = "[CP] Embed Pods Frameworks";
			outputPaths = (
				"${TARGET_BUILD_DIR}/${FRAMEWORKS_FOLDER_PATH}/Alamofire.framework",
				"${TARGET_BUILD_DIR}/${FRAMEWORKS_FOLDER_PATH}/AlamofireImage.framework",
				"${TARGET_BUILD_DIR}/${FRAMEWORKS_FOLDER_PATH}/ImageSlideshow.framework",
			);
			runOnlyForDeploymentPostprocessing = 0;
			shellPath = /bin/sh;
			shellScript = "\"${SRCROOT}/Pods/Target Support Files/Pods-Trade/Pods-Trade-frameworks.sh\"\n";
			showEnvVarsInLog = 0;
		};
		4E7D3445E570D0B43CC60318 /* [CP] Check Pods Manifest.lock */ = {
			isa = PBXShellScriptBuildPhase;
			buildActionMask = 2147483647;
			files = (
			);
			inputPaths = (
				"${PODS_PODFILE_DIR_PATH}/Podfile.lock",
				"${PODS_ROOT}/Manifest.lock",
			);
			name = "[CP] Check Pods Manifest.lock";
			outputPaths = (
				"$(DERIVED_FILE_DIR)/Pods-Trade-checkManifestLockResult.txt",
			);
			runOnlyForDeploymentPostprocessing = 0;
			shellPath = /bin/sh;
			shellScript = "diff \"${PODS_PODFILE_DIR_PATH}/Podfile.lock\" \"${PODS_ROOT}/Manifest.lock\" > /dev/null\nif [ $? != 0 ] ; then\n    # print error to STDERR\n    echo \"error: The sandbox is not in sync with the Podfile.lock. Run 'pod install' or update your CocoaPods installation.\" >&2\n    exit 1\nfi\n# This output is used by Xcode 'outputs' to avoid re-running this script phase.\necho \"SUCCESS\" > \"${SCRIPT_OUTPUT_FILE_0}\"\n";
			showEnvVarsInLog = 0;
		};
		E0471A8575B6C2866EB6C317 /* [CP] Check Pods Manifest.lock */ = {
			isa = PBXShellScriptBuildPhase;
			buildActionMask = 2147483647;
			files = (
			);
			inputPaths = (
				"${PODS_PODFILE_DIR_PATH}/Podfile.lock",
				"${PODS_ROOT}/Manifest.lock",
			);
			name = "[CP] Check Pods Manifest.lock";
			outputPaths = (
				"$(DERIVED_FILE_DIR)/Pods-TradeTests-checkManifestLockResult.txt",
			);
			runOnlyForDeploymentPostprocessing = 0;
			shellPath = /bin/sh;
			shellScript = "diff \"${PODS_PODFILE_DIR_PATH}/Podfile.lock\" \"${PODS_ROOT}/Manifest.lock\" > /dev/null\nif [ $? != 0 ] ; then\n    # print error to STDERR\n    echo \"error: The sandbox is not in sync with the Podfile.lock. Run 'pod install' or update your CocoaPods installation.\" >&2\n    exit 1\nfi\n# This output is used by Xcode 'outputs' to avoid re-running this script phase.\necho \"SUCCESS\" > \"${SCRIPT_OUTPUT_FILE_0}\"\n";
			showEnvVarsInLog = 0;
		};
/* End PBXShellScriptBuildPhase section */

/* Begin PBXSourcesBuildPhase section */
		F6ADE0BD209BC499002C1E66 /* Sources */ = {
			isa = PBXSourcesBuildPhase;
			buildActionMask = 2147483647;
			files = (
				F62E5B6E20D47D88007CE83F /* Trade.swift in Sources */,
				F6ADE0E7209BD04F002C1E66 /* TradeViewController.swift in Sources */,
				F62E5B7220D484FE007CE83F /* TradeTableViewCell.swift in Sources */,
				F6FE7E3420D9E62800FEB676 /* OrderViewController.swift in Sources */,
				F694CB9D20C885C700B5347B /* Price.swift in Sources */,
				F63E599220CB67640086A456 /* PriceTableViewCell.swift in Sources */,
				F62E5B7420D4B318007CE83F /* TradeTableHeaderView.swift in Sources */,
				F6ADE0E9209BD142002C1E66 /* AccountViewController.swift in Sources */,
				F6ADE0C9209BC499002C1E66 /* QuotationViewController.swift in Sources */,
				F6ADE0EB209BE54A002C1E66 /* TabBarViewController.swift in Sources */,
				F6ADE0C5209BC499002C1E66 /* AppDelegate.swift in Sources */,
				F6FE7E3220D9E1C300FEB676 /* BalanceViewController.swift in Sources */,
				F42163BD20E456B3009615EA /* DetailViewController.swift in Sources */,
				F6ADE0C7209BC499002C1E66 /* HomeViewController.swift in Sources */,
				F69C363F20A3AA01009A247A /* ADDR.swift in Sources */,
			);
			runOnlyForDeploymentPostprocessing = 0;
		};
		F6ADE0D3209BC499002C1E66 /* Sources */ = {
			isa = PBXSourcesBuildPhase;
			buildActionMask = 2147483647;
			files = (
				F6ADE0DC209BC499002C1E66 /* TradeTests.swift in Sources */,
			);
			runOnlyForDeploymentPostprocessing = 0;
		};
/* End PBXSourcesBuildPhase section */

/* Begin PBXTargetDependency section */
		F42163E620E46926009615EA /* PBXTargetDependency */ = {
			isa = PBXTargetDependency;
			name = Charts;
			targetProxy = F42163E520E46926009615EA /* PBXContainerItemProxy */;
		};
		F6ADE0D9209BC499002C1E66 /* PBXTargetDependency */ = {
			isa = PBXTargetDependency;
			target = F6ADE0C0209BC499002C1E66 /* Trade */;
			targetProxy = F6ADE0D8209BC499002C1E66 /* PBXContainerItemProxy */;
		};
/* End PBXTargetDependency section */

/* Begin PBXVariantGroup section */
		F6ADE0CA209BC499002C1E66 /* Main.storyboard */ = {
			isa = PBXVariantGroup;
			children = (
				F6ADE0CB209BC499002C1E66 /* Base */,
			);
			name = Main.storyboard;
			sourceTree = "<group>";
		};
		F6ADE0CF209BC499002C1E66 /* LaunchScreen.storyboard */ = {
			isa = PBXVariantGroup;
			children = (
				F6ADE0D0209BC499002C1E66 /* Base */,
			);
			name = LaunchScreen.storyboard;
			sourceTree = "<group>";
		};
/* End PBXVariantGroup section */

/* Begin XCBuildConfiguration section */
		F6ADE0DE209BC499002C1E66 /* Debug */ = {
			isa = XCBuildConfiguration;
			buildSettings = {
				ALWAYS_SEARCH_USER_PATHS = NO;
				CLANG_ANALYZER_NONNULL = YES;
				CLANG_ANALYZER_NUMBER_OBJECT_CONVERSION = YES_AGGRESSIVE;
				CLANG_CXX_LANGUAGE_STANDARD = "gnu++14";
				CLANG_CXX_LIBRARY = "libc++";
				CLANG_ENABLE_MODULES = YES;
				CLANG_ENABLE_OBJC_ARC = YES;
				CLANG_WARN_BLOCK_CAPTURE_AUTORELEASING = YES;
				CLANG_WARN_BOOL_CONVERSION = YES;
				CLANG_WARN_COMMA = YES;
				CLANG_WARN_CONSTANT_CONVERSION = YES;
				CLANG_WARN_DIRECT_OBJC_ISA_USAGE = YES_ERROR;
				CLANG_WARN_DOCUMENTATION_COMMENTS = YES;
				CLANG_WARN_EMPTY_BODY = YES;
				CLANG_WARN_ENUM_CONVERSION = YES;
				CLANG_WARN_INFINITE_RECURSION = YES;
				CLANG_WARN_INT_CONVERSION = YES;
				CLANG_WARN_NON_LITERAL_NULL_CONVERSION = YES;
				CLANG_WARN_OBJC_LITERAL_CONVERSION = YES;
				CLANG_WARN_OBJC_ROOT_CLASS = YES_ERROR;
				CLANG_WARN_RANGE_LOOP_ANALYSIS = YES;
				CLANG_WARN_STRICT_PROTOTYPES = YES;
				CLANG_WARN_SUSPICIOUS_MOVE = YES;
				CLANG_WARN_UNGUARDED_AVAILABILITY = YES_AGGRESSIVE;
				CLANG_WARN_UNREACHABLE_CODE = YES;
				CLANG_WARN__DUPLICATE_METHOD_MATCH = YES;
				CODE_SIGN_IDENTITY = "iPhone Developer";
				COPY_PHASE_STRIP = NO;
				DEBUG_INFORMATION_FORMAT = dwarf;
				ENABLE_STRICT_OBJC_MSGSEND = YES;
				ENABLE_TESTABILITY = YES;
				GCC_C_LANGUAGE_STANDARD = gnu11;
				GCC_DYNAMIC_NO_PIC = NO;
				GCC_NO_COMMON_BLOCKS = YES;
				GCC_OPTIMIZATION_LEVEL = 0;
				GCC_PREPROCESSOR_DEFINITIONS = (
					"DEBUG=1",
					"$(inherited)",
				);
				GCC_WARN_64_TO_32_BIT_CONVERSION = YES;
				GCC_WARN_ABOUT_RETURN_TYPE = YES_ERROR;
				GCC_WARN_UNDECLARED_SELECTOR = YES;
				GCC_WARN_UNINITIALIZED_AUTOS = YES_AGGRESSIVE;
				GCC_WARN_UNUSED_FUNCTION = YES;
				GCC_WARN_UNUSED_VARIABLE = YES;
				IPHONEOS_DEPLOYMENT_TARGET = 11.2;
				MTL_ENABLE_DEBUG_INFO = YES;
				ONLY_ACTIVE_ARCH = YES;
				SDKROOT = iphoneos;
				SWIFT_ACTIVE_COMPILATION_CONDITIONS = DEBUG;
				SWIFT_OPTIMIZATION_LEVEL = "-Onone";
			};
			name = Debug;
		};
		F6ADE0DF209BC499002C1E66 /* Release */ = {
			isa = XCBuildConfiguration;
			buildSettings = {
				ALWAYS_SEARCH_USER_PATHS = NO;
				CLANG_ANALYZER_NONNULL = YES;
				CLANG_ANALYZER_NUMBER_OBJECT_CONVERSION = YES_AGGRESSIVE;
				CLANG_CXX_LANGUAGE_STANDARD = "gnu++14";
				CLANG_CXX_LIBRARY = "libc++";
				CLANG_ENABLE_MODULES = YES;
				CLANG_ENABLE_OBJC_ARC = YES;
				CLANG_WARN_BLOCK_CAPTURE_AUTORELEASING = YES;
				CLANG_WARN_BOOL_CONVERSION = YES;
				CLANG_WARN_COMMA = YES;
				CLANG_WARN_CONSTANT_CONVERSION = YES;
				CLANG_WARN_DIRECT_OBJC_ISA_USAGE = YES_ERROR;
				CLANG_WARN_DOCUMENTATION_COMMENTS = YES;
				CLANG_WARN_EMPTY_BODY = YES;
				CLANG_WARN_ENUM_CONVERSION = YES;
				CLANG_WARN_INFINITE_RECURSION = YES;
				CLANG_WARN_INT_CONVERSION = YES;
				CLANG_WARN_NON_LITERAL_NULL_CONVERSION = YES;
				CLANG_WARN_OBJC_LITERAL_CONVERSION = YES;
				CLANG_WARN_OBJC_ROOT_CLASS = YES_ERROR;
				CLANG_WARN_RANGE_LOOP_ANALYSIS = YES;
				CLANG_WARN_STRICT_PROTOTYPES = YES;
				CLANG_WARN_SUSPICIOUS_MOVE = YES;
				CLANG_WARN_UNGUARDED_AVAILABILITY = YES_AGGRESSIVE;
				CLANG_WARN_UNREACHABLE_CODE = YES;
				CLANG_WARN__DUPLICATE_METHOD_MATCH = YES;
				CODE_SIGN_IDENTITY = "iPhone Developer";
				COPY_PHASE_STRIP = NO;
				DEBUG_INFORMATION_FORMAT = "dwarf-with-dsym";
				ENABLE_NS_ASSERTIONS = NO;
				ENABLE_STRICT_OBJC_MSGSEND = YES;
				GCC_C_LANGUAGE_STANDARD = gnu11;
				GCC_NO_COMMON_BLOCKS = YES;
				GCC_WARN_64_TO_32_BIT_CONVERSION = YES;
				GCC_WARN_ABOUT_RETURN_TYPE = YES_ERROR;
				GCC_WARN_UNDECLARED_SELECTOR = YES;
				GCC_WARN_UNINITIALIZED_AUTOS = YES_AGGRESSIVE;
				GCC_WARN_UNUSED_FUNCTION = YES;
				GCC_WARN_UNUSED_VARIABLE = YES;
				IPHONEOS_DEPLOYMENT_TARGET = 11.2;
				MTL_ENABLE_DEBUG_INFO = NO;
				SDKROOT = iphoneos;
				SWIFT_OPTIMIZATION_LEVEL = "-Owholemodule";
				VALIDATE_PRODUCT = YES;
			};
			name = Release;
		};
		F6ADE0E1209BC499002C1E66 /* Debug */ = {
			isa = XCBuildConfiguration;
			baseConfigurationReference = D87E39DB5622229C0D68BE2B /* Pods-Trade.debug.xcconfig */;
			buildSettings = {
				ALWAYS_EMBED_SWIFT_STANDARD_LIBRARIES = YES;
				ASSETCATALOG_COMPILER_APPICON_NAME = AppIcon;
				CODE_SIGN_STYLE = Automatic;
				DEVELOPMENT_TEAM = NXVX896936;
				INFOPLIST_FILE = Trade/Info.plist;
				LD_RUNPATH_SEARCH_PATHS = "$(inherited) @executable_path/Frameworks";
				PRODUCT_BUNDLE_IDENTIFIER = com.coin.trade;
				PRODUCT_NAME = "$(TARGET_NAME)";
				SWIFT_VERSION = 4.0;
				TARGETED_DEVICE_FAMILY = "1,2";
			};
			name = Debug;
		};
		F6ADE0E2209BC499002C1E66 /* Release */ = {
			isa = XCBuildConfiguration;
			baseConfigurationReference = 3F5C4CB85B27C2E4F246DC41 /* Pods-Trade.release.xcconfig */;
			buildSettings = {
				ALWAYS_EMBED_SWIFT_STANDARD_LIBRARIES = YES;
				ASSETCATALOG_COMPILER_APPICON_NAME = AppIcon;
				CODE_SIGN_STYLE = Automatic;
				DEVELOPMENT_TEAM = NXVX896936;
				INFOPLIST_FILE = Trade/Info.plist;
				LD_RUNPATH_SEARCH_PATHS = "$(inherited) @executable_path/Frameworks";
				PRODUCT_BUNDLE_IDENTIFIER = com.coin.trade;
				PRODUCT_NAME = "$(TARGET_NAME)";
				SWIFT_VERSION = 4.0;
				TARGETED_DEVICE_FAMILY = "1,2";
			};
			name = Release;
		};
		F6ADE0E4209BC499002C1E66 /* Debug */ = {
			isa = XCBuildConfiguration;
			baseConfigurationReference = 7E46CDEE65116CCBC864F396 /* Pods-TradeTests.debug.xcconfig */;
			buildSettings = {
				ALWAYS_EMBED_SWIFT_STANDARD_LIBRARIES = YES;
				BUNDLE_LOADER = "$(TEST_HOST)";
				CODE_SIGN_STYLE = Automatic;
				INFOPLIST_FILE = TradeTests/Info.plist;
				LD_RUNPATH_SEARCH_PATHS = "$(inherited) @executable_path/Frameworks @loader_path/Frameworks";
				PRODUCT_BUNDLE_IDENTIFIER = com.coin.TradeTests;
				PRODUCT_NAME = "$(TARGET_NAME)";
				SWIFT_VERSION = 4.0;
				TARGETED_DEVICE_FAMILY = "1,2";
				TEST_HOST = "$(BUILT_PRODUCTS_DIR)/Trade.app/Trade";
			};
			name = Debug;
		};
		F6ADE0E5209BC499002C1E66 /* Release */ = {
			isa = XCBuildConfiguration;
			baseConfigurationReference = A86B102F2739410BEE98EE14 /* Pods-TradeTests.release.xcconfig */;
			buildSettings = {
				ALWAYS_EMBED_SWIFT_STANDARD_LIBRARIES = YES;
				BUNDLE_LOADER = "$(TEST_HOST)";
				CODE_SIGN_STYLE = Automatic;
				INFOPLIST_FILE = TradeTests/Info.plist;
				LD_RUNPATH_SEARCH_PATHS = "$(inherited) @executable_path/Frameworks @loader_path/Frameworks";
				PRODUCT_BUNDLE_IDENTIFIER = com.coin.TradeTests;
				PRODUCT_NAME = "$(TARGET_NAME)";
				SWIFT_VERSION = 4.0;
				TARGETED_DEVICE_FAMILY = "1,2";
				TEST_HOST = "$(BUILT_PRODUCTS_DIR)/Trade.app/Trade";
			};
			name = Release;
		};
/* End XCBuildConfiguration section */

/* Begin XCConfigurationList section */
		F6ADE0BC209BC499002C1E66 /* Build configuration list for PBXProject "Trade" */ = {
			isa = XCConfigurationList;
			buildConfigurations = (
				F6ADE0DE209BC499002C1E66 /* Debug */,
				F6ADE0DF209BC499002C1E66 /* Release */,
			);
			defaultConfigurationIsVisible = 0;
			defaultConfigurationName = Release;
		};
		F6ADE0E0209BC499002C1E66 /* Build configuration list for PBXNativeTarget "Trade" */ = {
			isa = XCConfigurationList;
			buildConfigurations = (
				F6ADE0E1209BC499002C1E66 /* Debug */,
				F6ADE0E2209BC499002C1E66 /* Release */,
			);
			defaultConfigurationIsVisible = 0;
			defaultConfigurationName = Release;
		};
		F6ADE0E3209BC499002C1E66 /* Build configuration list for PBXNativeTarget "TradeTests" */ = {
			isa = XCConfigurationList;
			buildConfigurations = (
				F6ADE0E4209BC499002C1E66 /* Debug */,
				F6ADE0E5209BC499002C1E66 /* Release */,
			);
			defaultConfigurationIsVisible = 0;
			defaultConfigurationName = Release;
		};
/* End XCConfigurationList section */
	};
	rootObject = F6ADE0B9209BC499002C1E66 /* Project object */;
}
